<?xml version="1.0" encoding="utf-8"?>
<Project ToolsVersion="4.0" xmlns="http://schemas.microsoft.com/developer/msbuild/2003">
  <ItemGroup>
    <Filter Include="Source Files">
      <UniqueIdentifier>{4FC737F1-C7A5-4376-A066-2A32D752A2FF}</UniqueIdentifier>
      <Extensions>cpp;c;cc;cxx;def;odl;idl;hpj;bat;asm;asmx</Extensions>
    </Filter>
    <Filter Include="Header Files">
      <UniqueIdentifier>{93995380-89BD-4b04-88EB-625FBE52EBFB}</UniqueIdentifier>
      <Extensions>h;hpp;hxx;hm;inl;inc;xsd</Extensions>
    </Filter>
    <Filter Include="Resource Files">
      <UniqueIdentifier>{67DA6AB6-F800-4c08-8B7A-83BB121AAD01}</UniqueIdentifier>
      <Extensions>rc;ico;cur;bmp;dlg;rc2;rct;bin;rgs;gif;jpg;jpeg;jpe;resx;tiff;tif;png;wav;mfcribbon-ms</Extensions>
    </Filter>
    <Filter Include="Property Sheets">
      <UniqueIdentifier>{59716f32-6952-4d16-8b41-e6733bdfc8c5}</UniqueIdentifier>
    </Filter>
  </ItemGroup>
  <ItemGroup>
    <ClInclude Include="include\cppunit\Assert.h">
      <Filter>Header Files</Filter>
    </ClInclude>
    <ClInclude Include="include\cppunit\Common.h">
      <Filter>Header Files</Filter>
    </ClInclude>
    <ClInclude Include="include\cppunit\exceptions\Base.h">
      <Filter>Header Files</Filter>
    </ClInclude>
    <ClInclude Include="include\cppunit\exceptions\UnitTestSuccess.h">
      <Filter>Header Files</Filter>
    </ClInclude>
    <ClInclude Include="include\cppunit\exceptions\UnitTestFailure.h">
      <Filter>Header Files</Filter>
    </ClInclude>
    <ClInclude Include="include\cppunit\UnitTest.h">
      <Filter>Header Files</Filter>
    </ClInclude>
    <ClInclude Include="include\cppunit\UnitTestManager.h">
      <Filter>Header Files</Filter>
    </ClInclude>
    <ClInclude Include="include\cppunit\UnitTestGroup.h">
      <Filter>Header Files</Filter>
    </ClInclude>
    <ClInclude Include="include\cppunit\logging\LogManager.h">
      <Filter>Header Files</Filter>
    </ClInclude>
    <ClInclude Include="include\cppunit\Framework.h">
      <Filter>Header Files</Filter>
    </ClInclude>
    <ClInclude Include="include\cppunit\Types.h">
      <Filter>Header Files</Filter>
    </ClInclude>
    <ClInclude Include="include\cppunit\logging\Logging.h">
      <Filter>Header Files</Filter>
    </ClInclude>
    <ClInclude Include="include\cppunit\logging\Mode.h">
      <Filter>Header Files</Filter>
    </ClInclude>
    <ClInclude Include="include\cppunit\streams\OutputFile.h">
      <Filter>Header Files</Filter>
    </ClInclude>
    <ClInclude Include="include\cppunit\containers\Map.h">
      <Filter>Header Files</Filter>
    </ClInclude>
    <ClInclude Include="include\cppunit\UnitTestStatistics.h">
      <Filter>Header Files</Filter>
    </ClInclude>
  </ItemGroup>
  <ItemGroup>
    <None Include="CppUnit_d.props">
      <Filter>Property Sheets</Filter>
    </None>
    <None Include="CppUnit.props">
      <Filter>Property Sheets</Filter>
    </None>
    <None Include="include\cppunit\Assert.inl">
      <Filter>Header Files</Filter>
    </None>
  </ItemGroup>
  <ItemGroup>
    <ClCompile Include="src\cppunit\Assert.cpp">
      <Filter>Source Files</Filter>
    </ClCompile>
    <ClCompile Include="src\cppunit\exceptions\UnitTestFailure.cpp">
      <Filter>Source Files</Filter>
    </ClCompile>
    <ClCompile Include="src\cppunit\UnitTestManager.cpp">
      <Filter>Source Files</Filter>
    </ClCompile>
    <ClCompile Include="src\cppunit\UnitTestGroup.cpp">
      <Filter>Source Files</Filter>
    </ClCompile>
    <ClCompile Include="src\cppunit\exceptions\Base.cpp">
      <Filter>Source Files</Filter>
    </ClCompile>
    <ClCompile Include="src\cppunit\logging\LogManager.cpp">
      <Filter>Source Files</Filter>
    </ClCompile>
    <ClCompile Include="src\cppunit\exceptions\UnitTestSuccess.cpp">
      <Filter>Source Files</Filter>
    </ClCompile>
    <ClCompile Include="src\cppunit\UnitTestStatistics.cpp">
      <Filter>Source Files</Filter>
    </ClCompile>
  </ItemGroup>
</Project>